
Microsoft Visual Studio Solution File, Format Version 12.00
Project("{FAE04EC0-301F-11D3-BF4B-00C04F79EFBC}") = "ByteBankApp", "ByteBankApp\ByteBankApp.csproj", "{CD56CEBD-B729-4D6D-A244-279CDCD01A39}"
EndProject
Global
	GlobalSection(SolutionConfigurationPlatforms) = preSolution
		Debug|Any CPU = Debug|Any CPU
		Release|Any CPU = Release|Any CPU
	EndGlobalSection
	GlobalSection(ProjectConfigurationPlatforms) = postSolution
		{CD56CEBD-B729-4D6D-A244-279CDCD01A39}.Debug|Any CPU.ActiveCfg = Debug|Any CPU
		{CD56CEBD-B729-4D6D-A244-279CDCD01A39}.Debug|Any CPU.Build.0 = Debug|Any CPU
		{CD56CEBD-B729-4D6D-A244-279CDCD01A39}.Release|Any CPU.ActiveCfg = Release|Any CPU
		{CD56CEBD-B729-4D6D-A244-279CDCD01A39}.Release|Any CPU.Build.0 = Release|Any CPU
	EndGlobalSection
EndGlobal
